
Microsoft Visual Studio Solution File, Format Version 12.00
# Visual Studio Version 17
VisualStudioVersion = 17.6.33829.357
MinimumVisualStudioVersion = 10.0.40219.1
Project("{FAE04EC0-301F-11D3-BF4B-00C04F79EFBC}") = "Problem4", "Problem4.csproj", "{5BC6988C-8F74-4C70-9779-DA0B75C6D632}"
EndProject
Project("{FAE04EC0-301F-11D3-BF4B-00C04F79EFBC}") = "Problem1", "..\Problem1\Problem1.csproj", "{927B0E5A-5FB6-4F63-80FB-34E162938C8B}"
EndProject
Project("{FAE04EC0-301F-11D3-BF4B-00C04F79EFBC}") = "Problem2", "..\Problem2\Problem2.csproj", "{7E52A89F-B7DA-4E86-B9E3-5B8BB4D75B8B}"
EndProject
Project("{FAE04EC0-301F-11D3-BF4B-00C04F79EFBC}") = "Problem3", "..\Problem3\Problem3.csproj", "{A2DD5F87-9DAA-4052-BB70-25F3B35D7896}"
EndProject
Project("{FAE04EC0-301F-11D3-BF4B-00C04F79EFBC}") = "Problem5", "..\Problem5\Problem5.csproj", "{2D4263CB-A169-4A0E-B91F-0D7B282E71C5}"
EndProject
Project("{FAE04EC0-301F-11D3-BF4B-00C04F79EFBC}") = "Problem6", "..\Problem6\Problem6.csproj", "{5551A5BD-BEEF-41BB-A1B4-38C9C79D7C30}"
EndProject
Project("{FAE04EC0-301F-11D3-BF4B-00C04F79EFBC}") = "Problem7", "..\Problem7\Problem7.csproj", "{73A5DF9F-48E8-499E-B163-24F466D1DEDC}"
EndProject
Global
	GlobalSection(SolutionConfigurationPlatforms) = preSolution
		Debug|Any CPU = Debug|Any CPU
		Release|Any CPU = Release|Any CPU
	EndGlobalSection
	GlobalSection(ProjectConfigurationPlatforms) = postSolution
		{5BC6988C-8F74-4C70-9779-DA0B75C6D632}.Debug|Any CPU.ActiveCfg = Debug|Any CPU
		{5BC6988C-8F74-4C70-9779-DA0B75C6D632}.Debug|Any CPU.Build.0 = Debug|Any CPU
		{5BC6988C-8F74-4C70-9779-DA0B75C6D632}.Release|Any CPU.ActiveCfg = Release|Any CPU
		{5BC6988C-8F74-4C70-9779-DA0B75C6D632}.Release|Any CPU.Build.0 = Release|Any CPU
		{927B0E5A-5FB6-4F63-80FB-34E162938C8B}.Debug|Any CPU.ActiveCfg = Debug|Any CPU
		{927B0E5A-5FB6-4F63-80FB-34E162938C8B}.Debug|Any CPU.Build.0 = Debug|Any CPU
		{927B0E5A-5FB6-4F63-80FB-34E162938C8B}.Release|Any CPU.ActiveCfg = Release|Any CPU
		{927B0E5A-5FB6-4F63-80FB-34E162938C8B}.Release|Any CPU.Build.0 = Release|Any CPU
		{7E52A89F-B7DA-4E86-B9E3-5B8BB4D75B8B}.Debug|Any CPU.ActiveCfg = Debug|Any CPU
		{7E52A89F-B7DA-4E86-B9E3-5B8BB4D75B8B}.Debug|Any CPU.Build.0 = Debug|Any CPU
		{7E52A89F-B7DA-4E86-B9E3-5B8BB4D75B8B}.Release|Any CPU.ActiveCfg = Release|Any CPU
		{7E52A89F-B7DA-4E86-B9E3-5B8BB4D75B8B}.Release|Any CPU.Build.0 = Release|Any CPU
		{A2DD5F87-9DAA-4052-BB70-25F3B35D7896}.Debug|Any CPU.ActiveCfg = Debug|Any CPU
		{A2DD5F87-9DAA-4052-BB70-25F3B35D7896}.Debug|Any CPU.Build.0 = Debug|Any CPU
		{A2DD5F87-9DAA-4052-BB70-25F3B35D7896}.Release|Any CPU.ActiveCfg = Release|Any CPU
		{A2DD5F87-9DAA-4052-BB70-25F3B35D7896}.Release|Any CPU.Build.0 = Release|Any CPU
		{2D4263CB-A169-4A0E-B91F-0D7B282E71C5}.Debug|Any CPU.ActiveCfg = Debug|Any CPU
		{2D4263CB-A169-4A0E-B91F-0D7B282E71C5}.Debug|Any CPU.Build.0 = Debug|Any CPU
		{2D4263CB-A169-4A0E-B91F-0D7B282E71C5}.Release|Any CPU.ActiveCfg = Release|Any CPU
		{2D4263CB-A169-4A0E-B91F-0D7B282E71C5}.Release|Any CPU.Build.0 = Release|Any CPU
		{5551A5BD-BEEF-41BB-A1B4-38C9C79D7C30}.Debug|Any CPU.ActiveCfg = Debug|Any CPU
		{5551A5BD-BEEF-41BB-A1B4-38C9C79D7C30}.Debug|Any CPU.Build.0 = Debug|Any CPU
		{5551A5BD-BEEF-41BB-A1B4-38C9C79D7C30}.Release|Any CPU.ActiveCfg = Release|Any CPU
		{5551A5BD-BEEF-41BB-A1B4-38C9C79D7C30}.Release|Any CPU.Build.0 = Release|Any CPU
		{73A5DF9F-48E8-499E-B163-24F466D1DEDC}.Debug|Any CPU.ActiveCfg = Debug|Any CPU
		{73A5DF9F-48E8-499E-B163-24F466D1DEDC}.Debug|Any CPU.Build.0 = Debug|Any CPU
		{73A5DF9F-48E8-499E-B163-24F466D1DEDC}.Release|Any CPU.ActiveCfg = Release|Any CPU
		{73A5DF9F-48E8-499E-B163-24F466D1DEDC}.Release|Any CPU.Build.0 = Release|Any CPU
	EndGlobalSection
	GlobalSection(SolutionProperties) = preSolution
		HideSolutionNode = FALSE
	EndGlobalSection
	GlobalSection(ExtensibilityGlobals) = postSolution
		SolutionGuid = {23273AE6-DB91-4072-941B-64D3545E7E0B}
	EndGlobalSection
EndGlobal
